schema: '2.0'
stages:
  verify-source:
    cmd: python -m data_quality_pipeline.dvc_stage verify-source
    deps:
    - path: apps/data-quality-pipeline/src/data_quality_pipeline
      hash: md5
      md5: e91988dac8213b25ddc79bf935db8d59.dir
      size: 39831
      nfiles: 21
    - path: configs/contracts/physionet-record.yaml
      hash: md5
      md5: 618ebfe0ea187d7752be4df126aa7f8c
      size: 479
    - path: data/raw/physionet-2012/LICENSE.txt
      hash: md5
      md5: a7bccee3e124f213c6fca0a03fa85247
      size: 603
    - path: data/raw/physionet-2012/Outcomes-a.txt
      hash: md5
      md5: 69f10987a4684e86c5b6aa122f3b9df2
      size: 79219
    - path: data/raw/physionet-2012/set-a.zip
      hash: md5
      md5: 0056e8e09e8c3bdc6695d5e016481432
      size: 7938449
    - path: data/raw/physionet-2012/source-manifest.yaml
      hash: md5
      md5: b57533962bc626cb3dd36bdae74768a0
      size: 1218
    - path: packages/aiqa-data/src/aiqa_data
      hash: md5
      md5: e93b000cd476a5991cf21dae3e5ac5fb.dir
      size: 50843
      nfiles: 30
    outs:
    - path: artifacts/data-quality/source-integrity.json
      hash: md5
      md5: 797ddd59a7eac476f286bb87096d05b4
      size: 845
  extract:
    cmd: python -m data_quality_pipeline.dvc_stage extract
    deps:
    - path: apps/data-quality-pipeline/src/data_quality_pipeline
      hash: md5
      md5: e91988dac8213b25ddc79bf935db8d59.dir
      size: 39831
      nfiles: 21
    - path: artifacts/data-quality/source-integrity.json
      hash: md5
      md5: 797ddd59a7eac476f286bb87096d05b4
      size: 845
    - path: configs/contracts/physionet-record.yaml
      hash: md5
      md5: 618ebfe0ea187d7752be4df126aa7f8c
      size: 479
    - path: data/raw/physionet-2012/set-a.zip
      hash: md5
      md5: 0056e8e09e8c3bdc6695d5e016481432
      size: 7938449
    outs:
    - path: data/interim/physionet-2012/set-a
      hash: md5
      md5: 379ac80229bcac888bb3b2ea9489b747.dir
      size: 27594280
      nfiles: 4000
  aggregate:
    cmd: python -m data_quality_pipeline.dvc_stage aggregate
    deps:
    - path: apps/data-quality-pipeline/src/data_quality_pipeline
      hash: md5
      md5: e91988dac8213b25ddc79bf935db8d59.dir
      size: 39831
      nfiles: 21
    - path: artifacts/data-quality/source-integrity.json
      hash: md5
      md5: 797ddd59a7eac476f286bb87096d05b4
      size: 845
    - path: configs/contracts/physionet-record.yaml
      hash: md5
      md5: 618ebfe0ea187d7752be4df126aa7f8c
      size: 479
    - path: configs/data/aggregation.yaml
      hash: md5
      md5: 058008e582f450f4da48f32e727972d9
      size: 2227
    - path: data/interim/physionet-2012/set-a
      hash: md5
      md5: 379ac80229bcac888bb3b2ea9489b747.dir
      size: 27594280
      nfiles: 4000
    - path: data/raw/physionet-2012/Outcomes-a.txt
      hash: md5
      md5: 69f10987a4684e86c5b6aa122f3b9df2
      size: 79219
    - path: packages/aiqa-data/src/aiqa_data
      hash: md5
      md5: e93b000cd476a5991cf21dae3e5ac5fb.dir
      size: 50843
      nfiles: 30
    outs:
    - path: data/processed/physionet-2012/patient-features.csv
      hash: md5
      md5: 393494f21255654d54c438d230219bc7
      size: 2939058
  split:
    cmd: python -m data_quality_pipeline.dvc_stage split
    deps:
    - path: apps/data-quality-pipeline/src/data_quality_pipeline
      hash: md5
      md5: e91988dac8213b25ddc79bf935db8d59.dir
      size: 39831
      nfiles: 21
    - path: data/processed/physionet-2012/patient-features.csv
      hash: md5
      md5: 393494f21255654d54c438d230219bc7
      size: 2939058
    - path: packages/aiqa-data/src/aiqa_data
      hash: md5
      md5: e93b000cd476a5991cf21dae3e5ac5fb.dir
      size: 50843
      nfiles: 30
    - path: params.yaml
      hash: md5
      md5: e1ce8703fcffb9c22b97d2d6355f17ad
      size: 109
    params:
      params.yaml:
        data.operational_ratio: 0.1
        data.random_seed: 42
        data.test_ratio: 0.15
        data.train_ratio: 0.6
        data.valid_ratio: 0.15
    outs:
    - path: data/splits/physionet-2012/datasets
      hash: md5
      md5: 20064fca973ec67852905c64e6fe1b4d.dir
      size: 2944737
      nfiles: 4
    - path: data/splits/physionet-2012/split-manifest.csv
      hash: md5
      md5: 9f1b1b86c6e84a185269f5eaacbe3a0c
      size: 57816
  revise-split-v2:
    cmd: python -m data_quality_pipeline.dvc_stage revise-split
    deps:
    - path: apps/data-quality-pipeline/src/data_quality_pipeline
      hash: md5
      md5: e91988dac8213b25ddc79bf935db8d59.dir
      size: 39831
      nfiles: 21
    - path: configs/data/split-revisions/v2.yaml
      hash: md5
      md5: e7b4f1dd57ce18482534a1c005b9ce27
      size: 339
    - path: data/processed/physionet-2012/patient-features.csv
      hash: md5
      md5: 393494f21255654d54c438d230219bc7
      size: 2939058
    - path: data/splits/physionet-2012/split-manifest.csv
      hash: md5
      md5: 9f1b1b86c6e84a185269f5eaacbe3a0c
      size: 57816
    - path: packages/aiqa-data/src/aiqa_data
      hash: md5
      md5: e93b000cd476a5991cf21dae3e5ac5fb.dir
      size: 50843
      nfiles: 30
    outs:
    - path: data/splits/physionet-2012/revisions/v2/datasets
      hash: md5
      md5: 3caac1de14823da422665a87584d393f.dir
      size: 2945337
      nfiles: 4
    - path: data/splits/physionet-2012/revisions/v2/split-manifest.csv
      hash: md5
      md5: 5ffe5734d726105b68c02372c5c5ae7c
      size: 56216
